{
  "pins" : [
    {
      "identity" : "kingfisher",
      "kind" : "remoteSourceControl",
      "location" : "https://github.com/onevcat/Kingfisher",
      "state" : {
        "revision" : "5b92f029fab2cce44386d28588098b5be0824ef5",
        "version" : "7.11.0"
      }
    },
    {
      "identity" : "layoutkit",
      "kind" : "remoteSourceControl",
      "location" : "https://github.com/dmitriykotenko/LayoutKit",
      "state" : {
        "branch" : "feature/swift-5.3",
        "revision" : "261f52e4425da4e69979e842c3c18eac1fe23391"
      }
    },
    {
      "identity" : "rxgesture",
      "kind" : "remoteSourceControl",
      "location" : "https://github.com/RxSwiftCommunity/RxGesture",
      "state" : {
        "revision" : "e29e65a58c2f670677d17df9a18e846b87e78592",
        "version" : "4.0.2"
      }
    },
    {
      "identity" : "rxkeyboard",
      "kind" : "remoteSourceControl",
      "location" : "https://github.com/RxSwiftCommunity/RxKeyboard",
      "state" : {
        "revision" : "085fd99d7bb4f98e671904fcfe7ff561e66574ad",
        "version" : "2.0.0"
      }
    },
    {
      "identity" : "rxoptional",
      "kind" : "remoteSourceControl",
      "location" : "https://github.com/RxSwiftCommunity/RxOptional",
      "state" : {
        "revision" : "f116ec9c727a76e92fabc1724bb7f57e4772402f",
        "version" : "5.0.4"
      }
    },
    {
      "identity" : "rxswift",
      "kind" : "remoteSourceControl",
      "location" : "https://github.com/ReactiveX/RxSwift",
      "state" : {
        "revision" : "7c17a6ccca06b5c107cfa4284e634562ddaf5951",
        "version" : "6.2.0"
      }
    },
    {
      "identity" : "snapkit",
      "kind" : "remoteSourceControl",
      "location" : "https://github.com/SnapKit/SnapKit",
      "state" : {
        "revision" : "2842e6e84e82eb9a8dac0100ca90d9444b0307f4",
        "version" : "5.7.1"
      }
    },
    {
      "identity" : "swift-syntax",
      "kind" : "remoteSourceControl",
      "location" : "https://github.com/dmitriykotenko/swift-syntax",
      "state" : {
        "branch" : "feature/ios12",
        "revision" : "38a1a779aaa0942432d7733c7e164cbfede2c652"
      }
    },
    {
      "identity" : "swiftdatetime",
      "kind" : "remoteSourceControl",
      "location" : "https://github.com/dmitriykotenko/SwiftDateTime",
      "state" : {
        "revision" : "e33ff0fe210699ec3120dd0ce7f2141dd073f281",
        "version" : "0.2.2"
      }
    }
  ],
  "version" : 2
}
